
Microsoft Visual Studio Solution File, Format Version 12.00
# Visual Studio Version 17
VisualStudioVersion = 17.4.33103.184
MinimumVisualStudioVersion = 10.0.40219.1
Project("{8BC9CEB8-8B4A-11D0-8D11-00A0C91BC942}") = "Juego_Domino", "Juego_Domino\Juego_Domino.vcxproj", "{DB5996EF-9E23-4D1D-AF35-FEC02FD22F14}"
EndProject
Global
	GlobalSection(SolutionConfigurationPlatforms) = preSolution
		Debug|x64 = Debug|x64
		Debug|x86 = Debug|x86
		Release|x64 = Release|x64
		Release|x86 = Release|x86
	EndGlobalSection
	GlobalSection(ProjectConfigurationPlatforms) = postSolution
		{DB5996EF-9E23-4D1D-AF35-FEC02FD22F14}.Debug|x64.ActiveCfg = Debug|x64
		{DB5996EF-9E23-4D1D-AF35-FEC02FD22F14}.Debug|x64.Build.0 = Debug|x64
		{DB5996EF-9E23-4D1D-AF35-FEC02FD22F14}.Debug|x86.ActiveCfg = Debug|Win32
		{DB5996EF-9E23-4D1D-AF35-FEC02FD22F14}.Debug|x86.Build.0 = Debug|Win32
		{DB5996EF-9E23-4D1D-AF35-FEC02FD22F14}.Release|x64.ActiveCfg = Release|x64
		{DB5996EF-9E23-4D1D-AF35-FEC02FD22F14}.Release|x64.Build.0 = Release|x64
		{DB5996EF-9E23-4D1D-AF35-FEC02FD22F14}.Release|x86.ActiveCfg = Release|Win32
		{DB5996EF-9E23-4D1D-AF35-FEC02FD22F14}.Release|x86.Build.0 = Release|Win32
	EndGlobalSection
	GlobalSection(SolutionProperties) = preSolution
		HideSolutionNode = FALSE
	EndGlobalSection
	GlobalSection(ExtensibilityGlobals) = postSolution
		SolutionGuid = {DC277CA1-AE0A-436C-92A2-CCC7A384B70E}
	EndGlobalSection
EndGlobal
